{
  "name": "hyperdb-auth-experiments",
  "version": "1.0.0",
  "lockfileVersion": 1,
  "requires": true,
  "dependencies": {
    "array-lru": {
      "version": "1.1.1",
      "resolved": "https://registry.npmjs.org/array-lru/-/array-lru-1.1.1.tgz",
      "integrity": "sha1-DH4bTgIq4Wb/HoRIxZXzGB/NMzc="
    },
    "atomic-batcher": {
      "version": "1.0.2",
      "resolved": "https://registry.npmjs.org/atomic-batcher/-/atomic-batcher-1.0.2.tgz",
      "integrity": "sha1-0WkB0QzOxZUWwZe5zNiTBom4E7Q="
    },
    "bitfield-rle": {
      "version": "2.2.1",
      "resolved": "https://registry.npmjs.org/bitfield-rle/-/bitfield-rle-2.2.1.tgz",
      "integrity": "sha512-wrDhHe7LUkqaytxgbsFXoemzHRv6e8FrVNWWsQCgUfmuVYW6ke44hoGc9VdpjgfIsJ/ejmCFA8wDtDqACNAvyw==",
      "requires": {
        "buffer-alloc-unsafe": "^1.1.0",
        "varint": "^4.0.0"
      },
      "dependencies": {
        "varint": {
          "version": "4.0.1",
          "resolved": "https://registry.npmjs.org/varint/-/varint-4.0.1.tgz",
          "integrity": "sha1-SQgpuULSSEY7KzUJeZXDv3NxmOk="
        }
      }
    },
    "blake2b": {
      "version": "2.1.3",
      "resolved": "https://registry.npmjs.org/blake2b/-/blake2b-2.1.3.tgz",
      "integrity": "sha512-pkDss4xFVbMb4270aCyGD3qLv92314Et+FsKzilCLxDz5DuZ2/1g3w4nmBbu6nKApPspnjG7JcwTjGZnduB1yg==",
      "requires": {
        "blake2b-wasm": "^1.1.0",
        "nanoassert": "^1.0.0"
      }
    },
    "blake2b-wasm": {
      "version": "1.1.7",
      "resolved": "https://registry.npmjs.org/blake2b-wasm/-/blake2b-wasm-1.1.7.tgz",
      "integrity": "sha512-oFIHvXhlz/DUgF0kq5B1CqxIDjIJwh9iDeUUGQUcvgiGz7Wdw03McEO7CfLBy7QKGdsydcMCgO9jFNBAFCtFcA==",
      "requires": {
        "nanoassert": "^1.0.0"
      }
    },
    "buffer-alloc": {
      "version": "1.2.0",
      "resolved": "https://registry.npmjs.org/buffer-alloc/-/buffer-alloc-1.2.0.tgz",
      "integrity": "sha512-CFsHQgjtW1UChdXgbyJGtnm+O/uLQeZdtbDo8mfUgYXCHSM1wgrVxXm6bSyrUuErEb+4sYVGCzASBRot7zyrow==",
      "requires": {
        "buffer-alloc-unsafe": "^1.1.0",
        "buffer-fill": "^1.0.0"
      }
    },
    "buffer-alloc-unsafe": {
      "version": "1.1.0",
      "resolved": "https://registry.npmjs.org/buffer-alloc-unsafe/-/buffer-alloc-unsafe-1.1.0.tgz",
      "integrity": "sha512-TEM2iMIEQdJ2yjPJoSIsldnleVaAk1oW3DBVUykyOLsEsFmEc9kn+SFFPz+gl54KQNxlDnAwCXosOS9Okx2xAg=="
    },
    "buffer-equals": {
      "version": "1.0.4",
      "resolved": "http://registry.npmjs.org/buffer-equals/-/buffer-equals-1.0.4.tgz",
      "integrity": "sha1-A1O1T9B/2VZBcGca5vZrnPENJ/U="
    },
    "buffer-fill": {
      "version": "1.0.0",
      "resolved": "https://registry.npmjs.org/buffer-fill/-/buffer-fill-1.0.0.tgz",
      "integrity": "sha1-+PeLdniYiO858gXNY39o5wISKyw="
    },
    "buffer-from": {
      "version": "1.1.1",
      "resolved": "https://registry.npmjs.org/buffer-from/-/buffer-from-1.1.1.tgz",
      "integrity": "sha512-MQcXEUbCKtEo7bhqEs6560Hyd4XaovZlO/k9V3hjVUF/zwW7KBVdSK4gIt/bzwS9MbR5qob+F5jusZsb0YQK2A=="
    },
    "bulk-write-stream": {
      "version": "1.1.4",
      "resolved": "https://registry.npmjs.org/bulk-write-stream/-/bulk-write-stream-1.1.4.tgz",
      "integrity": "sha512-GtKwd/4etuk1hNeprXoESBO1RSeRYJMXKf+O0qHmWdUomLT8ysNEfX/4bZFXr3BK6eukpHiEnhY2uMtEHDM2ng==",
      "requires": {
        "buffer-from": "^1.0.0",
        "inherits": "^2.0.1",
        "readable-stream": "^2.1.4"
      }
    },
    "codecs": {
      "version": "1.2.1",
      "resolved": "https://registry.npmjs.org/codecs/-/codecs-1.2.1.tgz",
      "integrity": "sha512-SPnx+ZHXVJ0qTInRXmnxuyu8PDvSzvop5MXp1BOr/urFQI3yL2n5ewE755skTklF/hKVlWj8cinGxdR2gvLvTA=="
    },
    "compare": {
      "version": "2.0.0",
      "resolved": "https://registry.npmjs.org/compare/-/compare-2.0.0.tgz",
      "integrity": "sha512-FXeLLVm09Uh7Updmmx2NCCRG2nMq+mdY3DR9PqhVeOrie3IFU+occFQoqziFkHlTUDw8mDgmdblIZ+J9tsSAUA=="
    },
    "core-util-is": {
      "version": "1.0.2",
      "resolved": "https://registry.npmjs.org/core-util-is/-/core-util-is-1.0.2.tgz",
      "integrity": "sha1-tf1UIgqivFq1eqtxQMlAdUUDwac="
    },
    "count-trailing-zeros": {
      "version": "1.0.1",
      "resolved": "https://registry.npmjs.org/count-trailing-zeros/-/count-trailing-zeros-1.0.1.tgz",
      "integrity": "sha1-q6bFgzvkENRbHso+bVg4RM5oLHc="
    },
    "fast-bitfield": {
      "version": "1.2.1",
      "resolved": "https://registry.npmjs.org/fast-bitfield/-/fast-bitfield-1.2.1.tgz",
      "integrity": "sha512-OnsvI4w/LRwjv7y10ZTyRsl7A7ROV9SNBhr+sFVzqKjVHV1qCIESU5kHHcS1awJeE03Aa6X52F59HW+w0YI0lg==",
      "requires": {
        "count-trailing-zeros": "^1.0.1"
      }
    },
    "flat-tree": {
      "version": "1.6.0",
      "resolved": "https://registry.npmjs.org/flat-tree/-/flat-tree-1.6.0.tgz",
      "integrity": "sha1-/KMM3bkAb7ZW6168ea6ydOf96e0="
    },
    "from2": {
      "version": "2.3.0",
      "resolved": "https://registry.npmjs.org/from2/-/from2-2.3.0.tgz",
      "integrity": "sha1-i/tVAr3kpNNs/e6gB/zKIdfjgq8=",
      "requires": {
        "inherits": "^2.0.1",
        "readable-stream": "^2.0.0"
      }
    },
    "fs-extra": {
      "version": "7.0.0",
      "resolved": "https://registry.npmjs.org/fs-extra/-/fs-extra-7.0.0.tgz",
      "integrity": "sha512-EglNDLRpmaTWiD/qraZn6HREAEAHJcJOmxNEYwq6xeMKnVMAy3GUcFB+wXt2C6k4CNvB/mP1y/U3dzvKKj5OtQ==",
      "requires": {
        "graceful-fs": "^4.1.2",
        "jsonfile": "^4.0.0",
        "universalify": "^0.1.0"
      }
    },
    "generate-function": {
      "version": "2.3.1",
      "resolved": "https://registry.npmjs.org/generate-function/-/generate-function-2.3.1.tgz",
      "integrity": "sha512-eeB5GfMNeevm/GRYq20ShmsaGcmI81kIX2K9XQx5miC8KdHaC6Jm0qQ8ZNeGOi7wYB8OsdxKs+Y2oVuTFuVwKQ==",
      "requires": {
        "is-property": "^1.0.2"
      }
    },
    "generate-object-property": {
      "version": "1.2.0",
      "resolved": "https://registry.npmjs.org/generate-object-property/-/generate-object-property-1.2.0.tgz",
      "integrity": "sha1-nA4cQDCM6AT0eDYYuTf6iPmdUNA=",
      "requires": {
        "is-property": "^1.0.0"
      }
    },
    "graceful-fs": {
      "version": "4.1.15",
      "resolved": "https://registry.npmjs.org/graceful-fs/-/graceful-fs-4.1.15.tgz",
      "integrity": "sha512-6uHUhOPEBgQ24HM+r6b/QwWfZq+yiFcipKFrOFiBEnWdy5sdzYoi+pJeQaPI5qOLRFqWmAXUPQNsielzdLoecA=="
    },
    "hypercore": {
      "version": "6.20.2",
      "resolved": "https://registry.npmjs.org/hypercore/-/hypercore-6.20.2.tgz",
      "integrity": "sha512-VALfzDCqS0cIxoRvlQmCn4QYnQcUDCazyOQq3c0lbp1AvzEjaq62BvYDH28pmWeASokBszuysgsrPFTn704DbA==",
      "requires": {
        "array-lru": "^1.1.0",
        "atomic-batcher": "^1.0.2",
        "bitfield-rle": "^2.2.1",
        "buffer-alloc-unsafe": "^1.0.0",
        "buffer-equals": "^1.0.4",
        "buffer-from": "^1.0.0",
        "bulk-write-stream": "^1.1.3",
        "codecs": "^1.2.0",
        "fast-bitfield": "^1.2.1",
        "flat-tree": "^1.6.0",
        "from2": "^2.3.0",
        "hypercore-crypto": "^1.0.0",
        "hypercore-protocol": "^6.4.1",
        "inherits": "^2.0.3",
        "inspect-custom-symbol": "^1.1.0",
        "last-one-wins": "^1.0.4",
        "memory-pager": "^1.0.2",
        "merkle-tree-stream": "^3.0.3",
        "pretty-hash": "^1.0.1",
        "process-nextick-args": "^1.0.7",
        "random-access-file": "^2.0.1",
        "sodium-universal": "^2.0.0",
        "sparse-bitfield": "^3.0.0",
        "thunky": "^1.0.1",
        "uint64be": "^2.0.1",
        "unordered-array-remove": "^1.0.2",
        "unordered-set": "^2.0.0"
      },
      "dependencies": {
        "process-nextick-args": {
          "version": "1.0.7",
          "resolved": "https://registry.npmjs.org/process-nextick-args/-/process-nextick-args-1.0.7.tgz",
          "integrity": "sha1-FQ4gt1ZZCtP5EJPyWk8q2L/zC6M="
        }
      }
    },
    "hypercore-crypto": {
      "version": "1.0.0",
      "resolved": "https://registry.npmjs.org/hypercore-crypto/-/hypercore-crypto-1.0.0.tgz",
      "integrity": "sha512-xFwOnNlOt8L+SovC7dTNchKaNYJb5l8rKZZwpWQnCme1r7CU4Hlhp1RDqPES6b0OpS7DkTo9iU0GltQGkpsjMw==",
      "requires": {
        "buffer-alloc-unsafe": "^1.1.0",
        "buffer-from": "^1.1.0",
        "sodium-universal": "^2.0.0",
        "uint64be": "^2.0.2"
      }
    },
    "hypercore-protocol": {
      "version": "6.7.1",
      "resolved": "https://registry.npmjs.org/hypercore-protocol/-/hypercore-protocol-6.7.1.tgz",
      "integrity": "sha512-6jjMwL/XgeAl9BDUWmAJmIum7ynHGqajCnXt5VbJuxNLKkPI8WQS2kpMfcvotI5QHKMu/15+92ZPM6WoYDtd8g==",
      "requires": {
        "buffer-alloc-unsafe": "^1.0.0",
        "buffer-from": "^1.0.0",
        "inherits": "^2.0.3",
        "protocol-buffers-encodings": "^1.1.0",
        "readable-stream": "^2.2.6",
        "sodium-universal": "^2.0.0",
        "sorted-indexof": "^1.0.0",
        "varint": "^5.0.0"
      }
    },
    "hyperdb": {
      "version": "3.5.0",
      "resolved": "https://registry.npmjs.org/hyperdb/-/hyperdb-3.5.0.tgz",
      "integrity": "sha512-NfubW5251YCMcU2iTgobcAHS53qRzwAS+jDOANu0B9W72xtlOFKOlICkvqsMmMiF0SUAVy/Yfud8DUuykeoIJQ==",
      "requires": {
        "array-lru": "^1.1.1",
        "bulk-write-stream": "^1.1.3",
        "codecs": "^1.2.1",
        "compare": "^2.0.0",
        "hypercore": "^6.13.0",
        "hypercore-protocol": "^6.6.4",
        "inherits": "^2.0.3",
        "mutexify": "^1.2.0",
        "nanoiterator": "^1.1.0",
        "protocol-buffers-encodings": "^1.1.0",
        "random-access-file": "^2.0.1",
        "sodium-universal": "^2.0.0",
        "thunky": "^1.0.2",
        "unordered-array-remove": "^1.0.2",
        "unordered-set": "^2.0.0",
        "varint": "^5.0.0"
      }
    },
    "inherits": {
      "version": "2.0.3",
      "resolved": "https://registry.npmjs.org/inherits/-/inherits-2.0.3.tgz",
      "integrity": "sha1-Yzwsg+PaQqUC9SRmAiSA9CCCYd4="
    },
    "ini": {
      "version": "1.3.7",
      "resolved": "https://registry.npmjs.org/ini/-/ini-1.3.7.tgz",
      "integrity": "sha512-iKpRpXP+CrP2jyrxvg1kMUpXDyRUFDWurxbnVT1vQPx+Wz9uCYsMIqYuSBLV+PAaZG/d7kRLKRFc9oDMsH+mFQ==",
      "optional": true
    },
    "inspect-custom-symbol": {
      "version": "1.1.0",
      "resolved": "https://registry.npmjs.org/inspect-custom-symbol/-/inspect-custom-symbol-1.1.0.tgz",
      "integrity": "sha512-vtI2YXBRZBkU6DlfHfd0GtZENfiEiTacAXUd0ZY6HA+X7aPznpFfPmzSC+tHKXAkz9KDSdI4AYfwAMXR5t+isg=="
    },
    "is-options": {
      "version": "1.0.1",
      "resolved": "https://registry.npmjs.org/is-options/-/is-options-1.0.1.tgz",
      "integrity": "sha512-2Xj8sA0zDrAcaoWfBiNmc6VPWAgKDpim0T3J9Djq7vbm1UjwbUWzeuLu/FwC46g3cBbAn0E5R0xwVtOobM6Xxg=="
    },
    "is-property": {
      "version": "1.0.2",
      "resolved": "https://registry.npmjs.org/is-property/-/is-property-1.0.2.tgz",
      "integrity": "sha1-V/4cTkhHTt1lsJkR8msc1Ald2oQ="
    },
    "isarray": {
      "version": "1.0.0",
      "resolved": "https://registry.npmjs.org/isarray/-/isarray-1.0.0.tgz",
      "integrity": "sha1-u5NdSFgsuhaMBoNJV6VKPgcSTxE="
    },
    "jsonfile": {
      "version": "4.0.0",
      "resolved": "https://registry.npmjs.org/jsonfile/-/jsonfile-4.0.0.tgz",
      "integrity": "sha1-h3Gq4HmbZAdrdmQPygWPnBDjPss=",
      "requires": {
        "graceful-fs": "^4.1.6"
      }
    },
    "kleur": {
      "version": "2.0.2",
      "resolved": "https://registry.npmjs.org/kleur/-/kleur-2.0.2.tgz",
      "integrity": "sha512-77XF9iTllATmG9lSlIv0qdQ2BQ/h9t0bJllHlbvsQ0zUWfU7Yi0S8L5JXzPZgkefIiajLmBJJ4BsMJmqcf7oxQ=="
    },
    "last-one-wins": {
      "version": "1.0.4",
      "resolved": "https://registry.npmjs.org/last-one-wins/-/last-one-wins-1.0.4.tgz",
      "integrity": "sha1-wb/Qy8tGeQ7JFWuNGu6Py4bNoio="
    },
    "memory-pager": {
      "version": "1.1.0",
      "resolved": "https://registry.npmjs.org/memory-pager/-/memory-pager-1.1.0.tgz",
      "integrity": "sha512-Mf9OHV/Y7h6YWDxTzX/b4ZZ4oh9NSXblQL8dtPCOomOtZciEHxePR78+uHFLLlsk01A6jVHhHsQZZ/WcIPpnzg=="
    },
    "merkle-tree-stream": {
      "version": "3.0.3",
      "resolved": "https://registry.npmjs.org/merkle-tree-stream/-/merkle-tree-stream-3.0.3.tgz",
      "integrity": "sha1-+KBkdg0355eK1fn208EZpJT1cIE=",
      "requires": {
        "flat-tree": "^1.3.0",
        "readable-stream": "^2.0.5"
      }
    },
    "minimist": {
      "version": "0.0.8",
      "resolved": "http://registry.npmjs.org/minimist/-/minimist-0.0.8.tgz",
      "integrity": "sha1-hX/Kv8M5fSYluCKCYuhqp6ARsF0="
    },
    "mkdirp": {
      "version": "0.5.1",
      "resolved": "http://registry.npmjs.org/mkdirp/-/mkdirp-0.5.1.tgz",
      "integrity": "sha1-MAV0OOrGz3+MR2fzhkjWaX11yQM=",
      "requires": {
        "minimist": "0.0.8"
      }
    },
    "mutexify": {
      "version": "1.2.0",
      "resolved": "https://registry.npmjs.org/mutexify/-/mutexify-1.2.0.tgz",
      "integrity": "sha512-oprzxd2zhfrJqEuB98qc1dRMMonClBQ57UPDjnbcrah4orEMTq1jq3+AcdFe5ePzdbJXI7zmdhfftIdMnhYFoQ=="
    },
    "nan": {
      "version": "2.11.1",
      "resolved": "https://registry.npmjs.org/nan/-/nan-2.11.1.tgz",
      "integrity": "sha512-iji6k87OSXa0CcrLl9z+ZiYSuR2o+c0bGuNmXdrhTQTakxytAFsC56SArGYoiHlJlFoHSnvmhpceZJaXkVuOtA==",
      "optional": true
    },
    "nanoassert": {
      "version": "1.1.0",
      "resolved": "https://registry.npmjs.org/nanoassert/-/nanoassert-1.1.0.tgz",
      "integrity": "sha1-TzFS4JVA/eKMdvRLGbvNHVpCR40="
    },
    "nanoiterator": {
      "version": "1.2.0",
      "resolved": "https://registry.npmjs.org/nanoiterator/-/nanoiterator-1.2.0.tgz",
      "integrity": "sha512-Ybp8yZQDvjgqjrER+jlvZ2m/qzhK7gakNTKFDs84OLPrzsHcSbsFczJlNkDmyBlYldxFEO3JT3gwBWCN9nj8aQ==",
      "requires": {
        "inherits": "^2.0.3",
        "readable-stream": "^2.3.3"
      }
    },
    "node-gyp-build": {
      "version": "3.5.0",
      "resolved": "https://registry.npmjs.org/node-gyp-build/-/node-gyp-build-3.5.0.tgz",
      "integrity": "sha512-qjEE8eIWVyqZhkAFUzytGpOGvLHeX5kXBB6MYyTOCPZBrBlsLyXAAzTsp/hWMbVlg8kVpzDJCZZowIrnKpwmqQ==",
      "optional": true
    },
    "pretty-hash": {
      "version": "1.0.1",
      "resolved": "https://registry.npmjs.org/pretty-hash/-/pretty-hash-1.0.1.tgz",
      "integrity": "sha1-FuBXkYje9WvbVliSvNBaXWUySAc="
    },
    "process-nextick-args": {
      "version": "2.0.0",
      "resolved": "https://registry.npmjs.org/process-nextick-args/-/process-nextick-args-2.0.0.tgz",
      "integrity": "sha512-MtEC1TqN0EU5nephaJ4rAtThHtC86dNN9qCuEhtshvpVBkAW5ZO7BASN9REnF9eoXGcRub+pFuKEpOHE+HbEMw=="
    },
    "protocol-buffers": {
      "version": "4.1.0",
      "resolved": "https://registry.npmjs.org/protocol-buffers/-/protocol-buffers-4.1.0.tgz",
      "integrity": "sha512-9erS5oyfb5vzLCO1pJfSujA03md3MzaR6zP77lcHobH3tb6Z3S/mMDzCxpRrGnmsPb/6o5RLZ5wpVEM2UMlgvw==",
      "requires": {
        "generate-function": "^2.0.0",
        "generate-object-property": "^1.2.0",
        "protocol-buffers-encodings": "^1.1.0",
        "protocol-buffers-schema": "^3.1.1",
        "signed-varint": "^2.0.0",
        "varint": "^5.0.0"
      }
    },
    "protocol-buffers-encodings": {
      "version": "1.1.0",
      "resolved": "https://registry.npmjs.org/protocol-buffers-encodings/-/protocol-buffers-encodings-1.1.0.tgz",
      "integrity": "sha512-SmjEuAf3hc3h3rWZ6V1YaaQw2MNJWK848gLJgzx/sefOJdNLujKinJVXIS0q2cBQpQn2Q32TinawZyDZPzm4kQ==",
      "requires": {
        "signed-varint": "^2.0.1",
        "varint": "^5.0.0"
      }
    },
    "protocol-buffers-schema": {
      "version": "3.3.2",
      "resolved": "https://registry.npmjs.org/protocol-buffers-schema/-/protocol-buffers-schema-3.3.2.tgz",
      "integrity": "sha512-Xdayp8sB/mU+sUV4G7ws8xtYMGdQnxbeIfLjyO9TZZRJdztBGhlmbI5x1qcY4TG5hBkIKGnc28i7nXxaugu88w=="
    },
    "random-access-file": {
      "version": "2.0.1",
      "resolved": "https://registry.npmjs.org/random-access-file/-/random-access-file-2.0.1.tgz",
      "integrity": "sha512-nb4fClpzoUY+v1SHrro+9yykN90eMA1rc+xM39tnZ5R3BgFY+J/NxPZ0KuUpishEsvnwou9Fvm2wa3cjeuG7vg==",
      "requires": {
        "mkdirp": "^0.5.1",
        "random-access-storage": "^1.1.1"
      }
    },
    "random-access-memory": {
      "version": "3.0.0",
      "resolved": "https://registry.npmjs.org/random-access-memory/-/random-access-memory-3.0.0.tgz",
      "integrity": "sha512-O/d5C/kTOs/aDix1CD+N7z4SgNVGPx+xpFKXGfrC0TFpqYVrsJEUmQCl3ITTg7FVMoCmLBo5rdkA5FcFg00NTA==",
      "requires": {
        "inherits": "^2.0.3",
        "is-options": "^1.0.1",
        "random-access-storage": "^1.1.1"
      }
    },
    "random-access-storage": {
      "version": "1.3.0",
      "resolved": "https://registry.npmjs.org/random-access-storage/-/random-access-storage-1.3.0.tgz",
      "integrity": "sha512-pdS9Mcb9TB7oICypPRALlheaSuszuAKmLVEPKJMuYor7R/zDuHh5ALuQoS+ox31XRwQUL+tDwWH2GPdyspwelA==",
      "requires": {
        "inherits": "^2.0.3"
      }
    },
    "readable-stream": {
      "version": "2.3.6",
      "resolved": "http://registry.npmjs.org/readable-stream/-/readable-stream-2.3.6.tgz",
      "integrity": "sha512-tQtKA9WIAhBF3+VLAseyMqZeBjW0AHJoxOtYqSUZNJxauErmLbVm2FW1y+J/YA9dUrAC39ITejlZWhVIwawkKw==",
      "requires": {
        "core-util-is": "~1.0.0",
        "inherits": "~2.0.3",
        "isarray": "~1.0.0",
        "process-nextick-args": "~2.0.0",
        "safe-buffer": "~5.1.1",
        "string_decoder": "~1.1.1",
        "util-deprecate": "~1.0.1"
      }
    },
    "safe-buffer": {
      "version": "5.1.2",
      "resolved": "https://registry.npmjs.org/safe-buffer/-/safe-buffer-5.1.2.tgz",
      "integrity": "sha512-Gd2UZBJDkXlY7GbJxfsE8/nvKkUEU1G38c1siN6QP6a9PT9MmHB8GnpscSmMJSoF8LOIrt8ud/wPtojys4G6+g=="
    },
    "signed-varint": {
      "version": "2.0.1",
      "resolved": "https://registry.npmjs.org/signed-varint/-/signed-varint-2.0.1.tgz",
      "integrity": "sha1-UKmYnafJjCxh2tEZvJdHDvhSgSk=",
      "requires": {
        "varint": "~5.0.0"
      }
    },
    "siphash24": {
      "version": "1.1.1",
      "resolved": "https://registry.npmjs.org/siphash24/-/siphash24-1.1.1.tgz",
      "integrity": "sha512-dKKwjIoTOa587TARYLlBRXq2lkbu5Iz35XrEVWpelhBP1m8r2BGOy1QlaZe84GTFHG/BTucEUd2btnNc8QzIVA==",
      "requires": {
        "nanoassert": "^1.0.0"
      }
    },
    "sodium-javascript": {
      "version": "0.5.5",
      "resolved": "https://registry.npmjs.org/sodium-javascript/-/sodium-javascript-0.5.5.tgz",
      "integrity": "sha512-UMmCHovws/sxIBZsIRhIl8uRPou/RFDD0vVop81T1hG106NLLgqajKKuHAOtAP6hflnZ0UrVA2VFwddTd/NQyA==",
      "requires": {
        "blake2b": "^2.1.1",
        "nanoassert": "^1.0.0",
        "siphash24": "^1.0.1",
        "xsalsa20": "^1.0.0"
      }
    },
    "sodium-native": {
      "version": "2.2.2",
      "resolved": "https://registry.npmjs.org/sodium-native/-/sodium-native-2.2.2.tgz",
      "integrity": "sha512-TdAa+PlmWki2Spx3TJyGFVkj6gLsxs5HV/i/j2COZ5INEaCmLz15NIHgUAT/GQ0KrG8Ddy6tkvuP7B5YJpmW6g==",
      "optional": true,
      "requires": {
        "ini": "^1.3.5",
        "nan": "^2.4.0",
        "node-gyp-build": "^3.0.0"
      }
    },
    "sodium-universal": {
      "version": "2.0.0",
      "resolved": "https://registry.npmjs.org/sodium-universal/-/sodium-universal-2.0.0.tgz",
      "integrity": "sha512-csdVyakzHJRyCevY4aZC2Eacda8paf+4nmRGF2N7KxCLKY2Ajn72JsExaQlJQ2BiXJncp44p3T+b80cU+2TTsg==",
      "requires": {
        "sodium-javascript": "~0.5.0",
        "sodium-native": "^2.0.0"
      }
    },
    "sorted-indexof": {
      "version": "1.0.0",
      "resolved": "https://registry.npmjs.org/sorted-indexof/-/sorted-indexof-1.0.0.tgz",
      "integrity": "sha1-F8dC/3zxh+L1mhXfm4HxemLOCJk="
    },
    "sparse-bitfield": {
      "version": "3.0.3",
      "resolved": "https://registry.npmjs.org/sparse-bitfield/-/sparse-bitfield-3.0.3.tgz",
      "integrity": "sha1-/0rm5oZWBWuks+eSqzM004JzyhE=",
      "requires": {
        "memory-pager": "^1.0.2"
      }
    },
    "string_decoder": {
      "version": "1.1.1",
      "resolved": "https://registry.npmjs.org/string_decoder/-/string_decoder-1.1.1.tgz",
      "integrity": "sha512-n/ShnvDi6FHbbVfviro+WojiFzv+s8MPMHBczVePfUpDJLwoLT0ht1l4YwBCbi8pJAveEEdnkHyPyTP/mzRfwg==",
      "requires": {
        "safe-buffer": "~5.1.0"
      }
    },
    "thunky": {
      "version": "1.0.3",
      "resolved": "https://registry.npmjs.org/thunky/-/thunky-1.0.3.tgz",
      "integrity": "sha512-YwT8pjmNcAXBZqrubu22P4FYsh2D4dxRmnWBOL8Jk8bUcRUtc5326kx32tuTmFDAZtLOGEVNl8POAR8j896Iow=="
    },
    "uint64be": {
      "version": "2.0.2",
      "resolved": "https://registry.npmjs.org/uint64be/-/uint64be-2.0.2.tgz",
      "integrity": "sha512-9QqdvpGQTXgxthP+lY4e/gIBy+RuqcBaC6JVwT5I3bDLgT/btL6twZMR0pI3/Fgah9G/pdwzIprE5gL6v9UvyQ==",
      "requires": {
        "buffer-alloc": "^1.1.0"
      }
    },
    "universalify": {
      "version": "0.1.2",
      "resolved": "https://registry.npmjs.org/universalify/-/universalify-0.1.2.tgz",
      "integrity": "sha512-rBJeI5CXAlmy1pV+617WB9J63U6XcazHHF2f2dbJix4XzpUF0RS3Zbj0FGIOCAva5P/d/GBOYaACQ1w+0azUkg=="
    },
    "unordered-array-remove": {
      "version": "1.0.2",
      "resolved": "https://registry.npmjs.org/unordered-array-remove/-/unordered-array-remove-1.0.2.tgz",
      "integrity": "sha1-xUbo+I4xegzyZEyX7LV9umbSUO8="
    },
    "unordered-set": {
      "version": "2.0.1",
      "resolved": "https://registry.npmjs.org/unordered-set/-/unordered-set-2.0.1.tgz",
      "integrity": "sha512-eUmNTPzdx+q/WvOHW0bgGYLWvWHNT3PTKEQLg0MAQhc0AHASHVHoP/9YytYd4RBVariqno/mEUhVZN98CmD7bg=="
    },
    "util-deprecate": {
      "version": "1.0.2",
      "resolved": "https://registry.npmjs.org/util-deprecate/-/util-deprecate-1.0.2.tgz",
      "integrity": "sha1-RQ1Nyfpw3nMnYvvS1KKJgUGaDM8="
    },
    "varint": {
      "version": "5.0.0",
      "resolved": "https://registry.npmjs.org/varint/-/varint-5.0.0.tgz",
      "integrity": "sha1-2Ca4n3SQcy+rwMDtaT7Uddyynr8="
    },
    "xsalsa20": {
      "version": "1.0.2",
      "resolved": "https://registry.npmjs.org/xsalsa20/-/xsalsa20-1.0.2.tgz",
      "integrity": "sha512-g1DFmZ5JJ9Qzvt4dMw6m9IydqoCSP381ucU5zm46Owbk3bwmqAr8eEJirOPc7PrXRn45drzOpAyDp8jsnoyXyw=="
    }
  }
}
